// !$*UTF8*$!
{
	archiveVersion = 1;
	classes = {
	};
	objectVersion = 56;
	objects = {

/* Begin PBXBuildFile section */
		5C0D18572953E94700BC6713 /* AppMain.swift in Sources */ = {isa = PBXBuildFile; fileRef = 5C0D18562953E94700BC6713 /* AppMain.swift */; };
		5C0D18592953E94700BC6713 /* CoreView.swift in Sources */ = {isa = PBXBuildFile; fileRef = 5C0D18582953E94700BC6713 /* CoreView.swift */; };
		5C0D185B2953E94800BC6713 /* Assets.xcassets in Resources */ = {isa = PBXBuildFile; fileRef = 5C0D185A2953E94800BC6713 /* Assets.xcassets */; };
		5C0D185E2953E94800BC6713 /* Preview Assets.xcassets in Resources */ = {isa = PBXBuildFile; fileRef = 5C0D185D2953E94800BC6713 /* Preview Assets.xcassets */; };
		5C0D18662953EBCA00BC6713 /* State.swift in Sources */ = {isa = PBXBuildFile; fileRef = 5C0D18652953EBCA00BC6713 /* State.swift */; };
		5C0D18682953EBD200BC6713 /* Store.swift in Sources */ = {isa = PBXBuildFile; fileRef = 5C0D18672953EBD200BC6713 /* Store.swift */; };
		5C0D186A2953EBE000BC6713 /* Reducers.swift in Sources */ = {isa = PBXBuildFile; fileRef = 5C0D18692953EBE000BC6713 /* Reducers.swift */; };
		5C0D186C2953EBE800BC6713 /* Actions.swift in Sources */ = {isa = PBXBuildFile; fileRef = 5C0D186B2953EBE800BC6713 /* Actions.swift */; };
		5C0D186F2953F7B000BC6713 /* TestView.swift in Sources */ = {isa = PBXBuildFile; fileRef = 5C0D186E2953F7B000BC6713 /* TestView.swift */; };
		5C0D1872295400C800BC6713 /* DataController.swift in Sources */ = {isa = PBXBuildFile; fileRef = 5C0D1871295400C800BC6713 /* DataController.swift */; };
		5C0D18762954014300BC6713 /* DataModels.xcdatamodeld in Sources */ = {isa = PBXBuildFile; fileRef = 5C0D18742954014300BC6713 /* DataModels.xcdatamodeld */; };
		5C0D18782954035200BC6713 /* NewPostView.swift in Sources */ = {isa = PBXBuildFile; fileRef = 5C0D18772954035200BC6713 /* NewPostView.swift */; };
		5C0D187B2954041400BC6713 /* Post.swift in Sources */ = {isa = PBXBuildFile; fileRef = 5C0D187A2954041400BC6713 /* Post.swift */; };
		5C0D187D2954174A00BC6713 /* PostView.swift in Sources */ = {isa = PBXBuildFile; fileRef = 5C0D187C2954174A00BC6713 /* PostView.swift */; };
		5C0D1880295A7B3500BC6713 /* NewProjectsView.swift in Sources */ = {isa = PBXBuildFile; fileRef = 5C0D187F295A7B3500BC6713 /* NewProjectsView.swift */; };
		5C0D1882295A7C9C00BC6713 /* Project.swift in Sources */ = {isa = PBXBuildFile; fileRef = 5C0D1881295A7C9C00BC6713 /* Project.swift */; };
/* End PBXBuildFile section */

/* Begin PBXFileReference section */
		5C0D18532953E94700BC6713 /* 10k_hours_iOS.app */ = {isa = PBXFileReference; explicitFileType = wrapper.application; includeInIndex = 0; path = 10k_hours_iOS.app; sourceTree = BUILT_PRODUCTS_DIR; };
		5C0D18562953E94700BC6713 /* AppMain.swift */ = {isa = PBXFileReference; lastKnownFileType = sourcecode.swift; path = AppMain.swift; sourceTree = "<group>"; };
		5C0D18582953E94700BC6713 /* CoreView.swift */ = {isa = PBXFileReference; lastKnownFileType = sourcecode.swift; path = CoreView.swift; sourceTree = "<group>"; };
		5C0D185A2953E94800BC6713 /* Assets.xcassets */ = {isa = PBXFileReference; lastKnownFileType = folder.assetcatalog; path = Assets.xcassets; sourceTree = "<group>"; };
		5C0D185D2953E94800BC6713 /* Preview Assets.xcassets */ = {isa = PBXFileReference; lastKnownFileType = folder.assetcatalog; path = "Preview Assets.xcassets"; sourceTree = "<group>"; };
		5C0D18652953EBCA00BC6713 /* State.swift */ = {isa = PBXFileReference; lastKnownFileType = sourcecode.swift; path = State.swift; sourceTree = "<group>"; };
		5C0D18672953EBD200BC6713 /* Store.swift */ = {isa = PBXFileReference; lastKnownFileType = sourcecode.swift; path = Store.swift; sourceTree = "<group>"; };
		5C0D18692953EBE000BC6713 /* Reducers.swift */ = {isa = PBXFileReference; lastKnownFileType = sourcecode.swift; path = Reducers.swift; sourceTree = "<group>"; };
		5C0D186B2953EBE800BC6713 /* Actions.swift */ = {isa = PBXFileReference; lastKnownFileType = sourcecode.swift; path = Actions.swift; sourceTree = "<group>"; };
		5C0D186E2953F7B000BC6713 /* TestView.swift */ = {isa = PBXFileReference; lastKnownFileType = sourcecode.swift; path = TestView.swift; sourceTree = "<group>"; };
		5C0D1871295400C800BC6713 /* DataController.swift */ = {isa = PBXFileReference; lastKnownFileType = sourcecode.swift; path = DataController.swift; sourceTree = "<group>"; };
		5C0D18752954014300BC6713 /* DataModels.xcdatamodel */ = {isa = PBXFileReference; lastKnownFileType = wrapper.xcdatamodel; path = DataModels.xcdatamodel; sourceTree = "<group>"; };
		5C0D18772954035200BC6713 /* NewPostView.swift */ = {isa = PBXFileReference; lastKnownFileType = sourcecode.swift; path = NewPostView.swift; sourceTree = "<group>"; };
		5C0D187A2954041400BC6713 /* Post.swift */ = {isa = PBXFileReference; lastKnownFileType = sourcecode.swift; path = Post.swift; sourceTree = "<group>"; };
		5C0D187C2954174A00BC6713 /* PostView.swift */ = {isa = PBXFileReference; lastKnownFileType = sourcecode.swift; path = PostView.swift; sourceTree = "<group>"; };
		5C0D187F295A7B3500BC6713 /* NewProjectsView.swift */ = {isa = PBXFileReference; lastKnownFileType = sourcecode.swift; path = NewProjectsView.swift; sourceTree = "<group>"; };
		5C0D1881295A7C9C00BC6713 /* Project.swift */ = {isa = PBXFileReference; lastKnownFileType = sourcecode.swift; path = Project.swift; sourceTree = "<group>"; };
/* End PBXFileReference section */

/* Begin PBXFrameworksBuildPhase section */
		5C0D18502953E94700BC6713 /* Frameworks */ = {
			isa = PBXFrameworksBuildPhase;
			buildActionMask = 2147483647;
			files = (
			);
			runOnlyForDeploymentPostprocessing = 0;
		};
/* End PBXFrameworksBuildPhase section */

/* Begin PBXGroup section */
		5C0D184A2953E94700BC6713 = {
			isa = PBXGroup;
			children = (
				5C0D18552953E94700BC6713 /* 10k_hours_iOS */,
				5C0D18542953E94700BC6713 /* Products */,
			);
			sourceTree = "<group>";
		};
		5C0D18542953E94700BC6713 /* Products */ = {
			isa = PBXGroup;
			children = (
				5C0D18532953E94700BC6713 /* 10k_hours_iOS.app */,
			);
			name = Products;
			sourceTree = "<group>";
		};
		5C0D18552953E94700BC6713 /* 10k_hours_iOS */ = {
			isa = PBXGroup;
			children = (
				5C0D18562953E94700BC6713 /* AppMain.swift */,
				5C0D1879295403B300BC6713 /* Models */,
				5C0D186D2953EDA400BC6713 /* Views */,
				5C0D18642953EB9B00BC6713 /* State */,
				5C0D18732954011200BC6713 /* Data */,
				5C0D185A2953E94800BC6713 /* Assets.xcassets */,
				5C0D185C2953E94800BC6713 /* Preview Content */,
			);
			path = 10k_hours_iOS;
			sourceTree = "<group>";
		};
		5C0D185C2953E94800BC6713 /* Preview Content */ = {
			isa = PBXGroup;
			children = (
				5C0D185D2953E94800BC6713 /* Preview Assets.xcassets */,
			);
			path = "Preview Content";
			sourceTree = "<group>";
		};
		5C0D18642953EB9B00BC6713 /* State */ = {
			isa = PBXGroup;
			children = (
				5C0D18652953EBCA00BC6713 /* State.swift */,
				5C0D18672953EBD200BC6713 /* Store.swift */,
				5C0D18692953EBE000BC6713 /* Reducers.swift */,
				5C0D186B2953EBE800BC6713 /* Actions.swift */,
			);
			path = State;
			sourceTree = "<group>";
		};
		5C0D186D2953EDA400BC6713 /* Views */ = {
			isa = PBXGroup;
			children = (
				5C0D187E295A7B1F00BC6713 /* Projects */,
				5C0D18702953FDFE00BC6713 /* Posts */,
				5C0D18582953E94700BC6713 /* CoreView.swift */,
				5C0D186E2953F7B000BC6713 /* TestView.swift */,
			);
			path = Views;
			sourceTree = "<group>";
		};
		5C0D18702953FDFE00BC6713 /* Posts */ = {
			isa = PBXGroup;
			children = (
				5C0D18772954035200BC6713 /* NewPostView.swift */,
				5C0D187C2954174A00BC6713 /* PostView.swift */,
			);
			path = Posts;
			sourceTree = "<group>";
		};
		5C0D18732954011200BC6713 /* Data */ = {
			isa = PBXGroup;
			children = (
				5C0D1871295400C800BC6713 /* DataController.swift */,
				5C0D18742954014300BC6713 /* DataModels.xcdatamodeld */,
			);
			path = Data;
			sourceTree = "<group>";
		};
		5C0D1879295403B300BC6713 /* Models */ = {
			isa = PBXGroup;
			children = (
				5C0D187A2954041400BC6713 /* Post.swift */,
				5C0D1881295A7C9C00BC6713 /* Project.swift */,
			);
			path = Models;
			sourceTree = "<group>";
		};
		5C0D187E295A7B1F00BC6713 /* Projects */ = {
			isa = PBXGroup;
			children = (
				5C0D187F295A7B3500BC6713 /* NewProjectsView.swift */,
			);
			path = Projects;
			sourceTree = "<group>";
		};
/* End PBXGroup section */

/* Begin PBXNativeTarget section */
		5C0D18522953E94700BC6713 /* 10k_hours_iOS */ = {
			isa = PBXNativeTarget;
			buildConfigurationList = 5C0D18612953E94800BC6713 /* Build configuration list for PBXNativeTarget "10k_hours_iOS" */;
			buildPhases = (
				5C0D184F2953E94700BC6713 /* Sources */,
				5C0D18502953E94700BC6713 /* Frameworks */,
				5C0D18512953E94700BC6713 /* Resources */,
			);
			buildRules = (
			);
			dependencies = (
			);
			name = 10k_hours_iOS;
			productName = 10k_hours_iOS;
			productReference = 5C0D18532953E94700BC6713 /* 10k_hours_iOS.app */;
			productType = "com.apple.product-type.application";
		};
/* End PBXNativeTarget section */

/* Begin PBXProject section */
		5C0D184B2953E94700BC6713 /* Project object */ = {
			isa = PBXProject;
			attributes = {
				BuildIndependentTargetsInParallel = 1;
				LastSwiftUpdateCheck = 1420;
				LastUpgradeCheck = 1420;
				TargetAttributes = {
					5C0D18522953E94700BC6713 = {
						CreatedOnToolsVersion = 14.2;
					};
				};
			};
			buildConfigurationList = 5C0D184E2953E94700BC6713 /* Build configuration list for PBXProject "10k_hours_iOS" */;
			compatibilityVersion = "Xcode 14.0";
			developmentRegion = en;
			hasScannedForEncodings = 0;
			knownRegions = (
				en,
				Base,
			);
			mainGroup = 5C0D184A2953E94700BC6713;
			productRefGroup = 5C0D18542953E94700BC6713 /* Products */;
			projectDirPath = "";
			projectRoot = "";
			targets = (
				5C0D18522953E94700BC6713 /* 10k_hours_iOS */,
			);
		};
/* End PBXProject section */

/* Begin PBXResourcesBuildPhase section */
		5C0D18512953E94700BC6713 /* Resources */ = {
			isa = PBXResourcesBuildPhase;
			buildActionMask = 2147483647;
			files = (
				5C0D185E2953E94800BC6713 /* Preview Assets.xcassets in Resources */,
				5C0D185B2953E94800BC6713 /* Assets.xcassets in Resources */,
			);
			runOnlyForDeploymentPostprocessing = 0;
		};
/* End PBXResourcesBuildPhase section */

/* Begin PBXSourcesBuildPhase section */
		5C0D184F2953E94700BC6713 /* Sources */ = {
			isa = PBXSourcesBuildPhase;
			buildActionMask = 2147483647;
			files = (
				5C0D186F2953F7B000BC6713 /* TestView.swift in Sources */,
				5C0D187B2954041400BC6713 /* Post.swift in Sources */,
				5C0D18762954014300BC6713 /* DataModels.xcdatamodeld in Sources */,
				5C0D18592953E94700BC6713 /* CoreView.swift in Sources */,
				5C0D186A2953EBE000BC6713 /* Reducers.swift in Sources */,
				5C0D1882295A7C9C00BC6713 /* Project.swift in Sources */,
				5C0D18572953E94700BC6713 /* AppMain.swift in Sources */,
				5C0D186C2953EBE800BC6713 /* Actions.swift in Sources */,
				5C0D1872295400C800BC6713 /* DataController.swift in Sources */,
				5C0D18662953EBCA00BC6713 /* State.swift in Sources */,
				5C0D18682953EBD200BC6713 /* Store.swift in Sources */,
				5C0D1880295A7B3500BC6713 /* NewProjectsView.swift in Sources */,
				5C0D187D2954174A00BC6713 /* PostView.swift in Sources */,
				5C0D18782954035200BC6713 /* NewPostView.swift in Sources */,
			);
			runOnlyForDeploymentPostprocessing = 0;
		};
/* End PBXSourcesBuildPhase section */

/* Begin XCBuildConfiguration section */
		5C0D185F2953E94800BC6713 /* Debug */ = {
			isa = XCBuildConfiguration;
			buildSettings = {
				ALWAYS_SEARCH_USER_PATHS = NO;
				CLANG_ANALYZER_NONNULL = YES;
				CLANG_ANALYZER_NUMBER_OBJECT_CONVERSION = YES_AGGRESSIVE;
				CLANG_CXX_LANGUAGE_STANDARD = "gnu++20";
				CLANG_ENABLE_MODULES = YES;
				CLANG_ENABLE_OBJC_ARC = YES;
				CLANG_ENABLE_OBJC_WEAK = YES;
				CLANG_WARN_BLOCK_CAPTURE_AUTORELEASING = YES;
				CLANG_WARN_BOOL_CONVERSION = YES;
				CLANG_WARN_COMMA = YES;
				CLANG_WARN_CONSTANT_CONVERSION = YES;
				CLANG_WARN_DEPRECATED_OBJC_IMPLEMENTATIONS = YES;
				CLANG_WARN_DIRECT_OBJC_ISA_USAGE = YES_ERROR;
				CLANG_WARN_DOCUMENTATION_COMMENTS = YES;
				CLANG_WARN_EMPTY_BODY = YES;
				CLANG_WARN_ENUM_CONVERSION = YES;
				CLANG_WARN_INFINITE_RECURSION = YES;
				CLANG_WARN_INT_CONVERSION = YES;
				CLANG_WARN_NON_LITERAL_NULL_CONVERSION = YES;
				CLANG_WARN_OBJC_IMPLICIT_RETAIN_SELF = YES;
				CLANG_WARN_OBJC_LITERAL_CONVERSION = YES;
				CLANG_WARN_OBJC_ROOT_CLASS = YES_ERROR;
				CLANG_WARN_QUOTED_INCLUDE_IN_FRAMEWORK_HEADER = YES;
				CLANG_WARN_RANGE_LOOP_ANALYSIS = YES;
				CLANG_WARN_STRICT_PROTOTYPES = YES;
				CLANG_WARN_SUSPICIOUS_MOVE = YES;
				CLANG_WARN_UNGUARDED_AVAILABILITY = YES_AGGRESSIVE;
				CLANG_WARN_UNREACHABLE_CODE = YES;
				CLANG_WARN__DUPLICATE_METHOD_MATCH = YES;
				COPY_PHASE_STRIP = NO;
				DEBUG_INFORMATION_FORMAT = dwarf;
				ENABLE_STRICT_OBJC_MSGSEND = YES;
				ENABLE_TESTABILITY = YES;
				GCC_C_LANGUAGE_STANDARD = gnu11;
				GCC_DYNAMIC_NO_PIC = NO;
				GCC_NO_COMMON_BLOCKS = YES;
				GCC_OPTIMIZATION_LEVEL = 0;
				GCC_PREPROCESSOR_DEFINITIONS = (
					"DEBUG=1",
					"$(inherited)",
				);
				GCC_WARN_64_TO_32_BIT_CONVERSION = YES;
				GCC_WARN_ABOUT_RETURN_TYPE = YES_ERROR;
				GCC_WARN_UNDECLARED_SELECTOR = YES;
				GCC_WARN_UNINITIALIZED_AUTOS = YES_AGGRESSIVE;
				GCC_WARN_UNUSED_FUNCTION = YES;
				GCC_WARN_UNUSED_VARIABLE = YES;
				IPHONEOS_DEPLOYMENT_TARGET = 16.2;
				MTL_ENABLE_DEBUG_INFO = INCLUDE_SOURCE;
				MTL_FAST_MATH = YES;
				ONLY_ACTIVE_ARCH = YES;
				SDKROOT = iphoneos;
				SWIFT_ACTIVE_COMPILATION_CONDITIONS = DEBUG;
				SWIFT_OPTIMIZATION_LEVEL = "-Onone";
			};
			name = Debug;
		};
		5C0D18602953E94800BC6713 /* Release */ = {
			isa = XCBuildConfiguration;
			buildSettings = {
				ALWAYS_SEARCH_USER_PATHS = NO;
				CLANG_ANALYZER_NONNULL = YES;
				CLANG_ANALYZER_NUMBER_OBJECT_CONVERSION = YES_AGGRESSIVE;
				CLANG_CXX_LANGUAGE_STANDARD = "gnu++20";
				CLANG_ENABLE_MODULES = YES;
				CLANG_ENABLE_OBJC_ARC = YES;
				CLANG_ENABLE_OBJC_WEAK = YES;
				CLANG_WARN_BLOCK_CAPTURE_AUTORELEASING = YES;
				CLANG_WARN_BOOL_CONVERSION = YES;
				CLANG_WARN_COMMA = YES;
				CLANG_WARN_CONSTANT_CONVERSION = YES;
				CLANG_WARN_DEPRECATED_OBJC_IMPLEMENTATIONS = YES;
				CLANG_WARN_DIRECT_OBJC_ISA_USAGE = YES_ERROR;
				CLANG_WARN_DOCUMENTATION_COMMENTS = YES;
				CLANG_WARN_EMPTY_BODY = YES;
				CLANG_WARN_ENUM_CONVERSION = YES;
				CLANG_WARN_INFINITE_RECURSION = YES;
				CLANG_WARN_INT_CONVERSION = YES;
				CLANG_WARN_NON_LITERAL_NULL_CONVERSION = YES;
				CLANG_WARN_OBJC_IMPLICIT_RETAIN_SELF = YES;
				CLANG_WARN_OBJC_LITERAL_CONVERSION = YES;
				CLANG_WARN_OBJC_ROOT_CLASS = YES_ERROR;
				CLANG_WARN_QUOTED_INCLUDE_IN_FRAMEWORK_HEADER = YES;
				CLANG_WARN_RANGE_LOOP_ANALYSIS = YES;
				CLANG_WARN_STRICT_PROTOTYPES = YES;
				CLANG_WARN_SUSPICIOUS_MOVE = YES;
				CLANG_WARN_UNGUARDED_AVAILABILITY = YES_AGGRESSIVE;
				CLANG_WARN_UNREACHABLE_CODE = YES;
				CLANG_WARN__DUPLICATE_METHOD_MATCH = YES;
				COPY_PHASE_STRIP = NO;
				DEBUG_INFORMATION_FORMAT = "dwarf-with-dsym";
				ENABLE_NS_ASSERTIONS = NO;
				ENABLE_STRICT_OBJC_MSGSEND = YES;
				GCC_C_LANGUAGE_STANDARD = gnu11;
				GCC_NO_COMMON_BLOCKS = YES;
				GCC_WARN_64_TO_32_BIT_CONVERSION = YES;
				GCC_WARN_ABOUT_RETURN_TYPE = YES_ERROR;
				GCC_WARN_UNDECLARED_SELECTOR = YES;
				GCC_WARN_UNINITIALIZED_AUTOS = YES_AGGRESSIVE;
				GCC_WARN_UNUSED_FUNCTION = YES;
				GCC_WARN_UNUSED_VARIABLE = YES;
				IPHONEOS_DEPLOYMENT_TARGET = 16.2;
				MTL_ENABLE_DEBUG_INFO = NO;
				MTL_FAST_MATH = YES;
				SDKROOT = iphoneos;
				SWIFT_COMPILATION_MODE = wholemodule;
				SWIFT_OPTIMIZATION_LEVEL = "-O";
				VALIDATE_PRODUCT = YES;
			};
			name = Release;
		};
		5C0D18622953E94800BC6713 /* Debug */ = {
			isa = XCBuildConfiguration;
			buildSettings = {
				ASSETCATALOG_COMPILER_APPICON_NAME = AppIcon;
				ASSETCATALOG_COMPILER_GLOBAL_ACCENT_COLOR_NAME = AccentColor;
				CODE_SIGN_STYLE = Automatic;
				CURRENT_PROJECT_VERSION = 1;
				DEVELOPMENT_ASSET_PATHS = "\"10k_hours_iOS/Preview Content\"";
				DEVELOPMENT_TEAM = 24495W6MQC;
				ENABLE_PREVIEWS = YES;
				GENERATE_INFOPLIST_FILE = YES;
				INFOPLIST_KEY_UIApplicationSceneManifest_Generation = YES;
				INFOPLIST_KEY_UIApplicationSupportsIndirectInputEvents = YES;
				INFOPLIST_KEY_UILaunchScreen_Generation = YES;
				INFOPLIST_KEY_UISupportedInterfaceOrientations_iPad = "UIInterfaceOrientationPortrait UIInterfaceOrientationPortraitUpsideDown UIInterfaceOrientationLandscapeLeft UIInterfaceOrientationLandscapeRight";
				INFOPLIST_KEY_UISupportedInterfaceOrientations_iPhone = "UIInterfaceOrientationPortrait UIInterfaceOrientationLandscapeLeft UIInterfaceOrientationLandscapeRight";
				LD_RUNPATH_SEARCH_PATHS = (
					"$(inherited)",
					"@executable_path/Frameworks",
				);
				MARKETING_VERSION = 1.0;
				PRODUCT_BUNDLE_IDENTIFIER = "liyicky.-0k-hours-iOS";
				PRODUCT_NAME = "$(TARGET_NAME)";
				SWIFT_EMIT_LOC_STRINGS = YES;
				SWIFT_VERSION = 5.0;
				TARGETED_DEVICE_FAMILY = "1,2";
			};
			name = Debug;
		};
		5C0D18632953E94800BC6713 /* Release */ = {
			isa = XCBuildConfiguration;
			buildSettings = {
				ASSETCATALOG_COMPILER_APPICON_NAME = AppIcon;
				ASSETCATALOG_COMPILER_GLOBAL_ACCENT_COLOR_NAME = AccentColor;
				CODE_SIGN_STYLE = Automatic;
				CURRENT_PROJECT_VERSION = 1;
				DEVELOPMENT_ASSET_PATHS = "\"10k_hours_iOS/Preview Content\"";
				DEVELOPMENT_TEAM = 24495W6MQC;
				ENABLE_PREVIEWS = YES;
				GENERATE_INFOPLIST_FILE = YES;
				INFOPLIST_KEY_UIApplicationSceneManifest_Generation = YES;
				INFOPLIST_KEY_UIApplicationSupportsIndirectInputEvents = YES;
				INFOPLIST_KEY_UILaunchScreen_Generation = YES;
				INFOPLIST_KEY_UISupportedInterfaceOrientations_iPad = "UIInterfaceOrientationPortrait UIInterfaceOrientationPortraitUpsideDown UIInterfaceOrientationLandscapeLeft UIInterfaceOrientationLandscapeRight";
				INFOPLIST_KEY_UISupportedInterfaceOrientations_iPhone = "UIInterfaceOrientationPortrait UIInterfaceOrientationLandscapeLeft UIInterfaceOrientationLandscapeRight";
				LD_RUNPATH_SEARCH_PATHS = (
					"$(inherited)",
					"@executable_path/Frameworks",
				);
				MARKETING_VERSION = 1.0;
				PRODUCT_BUNDLE_IDENTIFIER = "liyicky.-0k-hours-iOS";
				PRODUCT_NAME = "$(TARGET_NAME)";
				SWIFT_EMIT_LOC_STRINGS = YES;
				SWIFT_VERSION = 5.0;
				TARGETED_DEVICE_FAMILY = "1,2";
			};
			name = Release;
		};
/* End XCBuildConfiguration section */

/* Begin XCConfigurationList section */
		5C0D184E2953E94700BC6713 /* Build configuration list for PBXProject "10k_hours_iOS" */ = {
			isa = XCConfigurationList;
			buildConfigurations = (
				5C0D185F2953E94800BC6713 /* Debug */,
				5C0D18602953E94800BC6713 /* Release */,
			);
			defaultConfigurationIsVisible = 0;
			defaultConfigurationName = Release;
		};
		5C0D18612953E94800BC6713 /* Build configuration list for PBXNativeTarget "10k_hours_iOS" */ = {
			isa = XCConfigurationList;
			buildConfigurations = (
				5C0D18622953E94800BC6713 /* Debug */,
				5C0D18632953E94800BC6713 /* Release */,
			);
			defaultConfigurationIsVisible = 0;
			defaultConfigurationName = Release;
		};
/* End XCConfigurationList section */

/* Begin XCVersionGroup section */
		5C0D18742954014300BC6713 /* DataModels.xcdatamodeld */ = {
			isa = XCVersionGroup;
			children = (
				5C0D18752954014300BC6713 /* DataModels.xcdatamodel */,
			);
			currentVersion = 5C0D18752954014300BC6713 /* DataModels.xcdatamodel */;
			path = DataModels.xcdatamodeld;
			sourceTree = "<group>";
			versionGroupType = wrapper.xcdatamodel;
		};
/* End XCVersionGroup section */
	};
	rootObject = 5C0D184B2953E94700BC6713 /* Project object */;
}
